
Microsoft Visual Studio Solution File, Format Version 12.00
# Visual Studio 15
Project("{FAE04EC0-301F-11D3-BF4B-00C04F79EFBC}") = "Maze3d v 4", "Maze3d v 4.csproj", "{7CB90D40-5D9A-F43D-2A6C-3B5A1964BDDF}"
EndProject
Project("{FAE04EC0-301F-11D3-BF4B-00C04F79EFBC}") = "Maze3d v 4.Plugins", "Maze3d v 4.Plugins.csproj", "{27BB8E13-A31C-C973-9425-0803057AA036}"
EndProject
Global
	GlobalSection(SolutionConfigurationPlatforms) = preSolution
		Debug|Any CPU = Debug|Any CPU
		Release|Any CPU = Release|Any CPU
	EndGlobalSection
	GlobalSection(ProjectConfigurationPlatforms) = postSolution
		{7CB90D40-5D9A-F43D-2A6C-3B5A1964BDDF}.Debug|Any CPU.ActiveCfg = Debug|Any CPU
		{7CB90D40-5D9A-F43D-2A6C-3B5A1964BDDF}.Debug|Any CPU.Build.0 = Debug|Any CPU
		{7CB90D40-5D9A-F43D-2A6C-3B5A1964BDDF}.Release|Any CPU.ActiveCfg = Release|Any CPU
		{7CB90D40-5D9A-F43D-2A6C-3B5A1964BDDF}.Release|Any CPU.Build.0 = Release|Any CPU
		{27BB8E13-A31C-C973-9425-0803057AA036}.Debug|Any CPU.ActiveCfg = Debug|Any CPU
		{27BB8E13-A31C-C973-9425-0803057AA036}.Debug|Any CPU.Build.0 = Debug|Any CPU
		{27BB8E13-A31C-C973-9425-0803057AA036}.Release|Any CPU.ActiveCfg = Release|Any CPU
		{27BB8E13-A31C-C973-9425-0803057AA036}.Release|Any CPU.Build.0 = Release|Any CPU
	EndGlobalSection
	GlobalSection(SolutionProperties) = preSolution
		HideSolutionNode = FALSE
	EndGlobalSection
EndGlobal
